<?xml version="1.0" encoding="utf-8"?>
<Project xmlns="http://schemas.microsoft.com/developer/msbuild/2003">
  <PropertyGroup>
    <ProjectGuid>{731146c6-264b-4733-90e8-49c43b1bc2c0}</ProjectGuid>
    <Configuration Condition=" '$(Configuration)' == '' ">Debug</Configuration>
    <Platform Condition=" '$(Platform)' == '' ">AnyCPU</Platform>
    <DCC_DCCCompiler>DCC32</DCC_DCCCompiler>
    <DCC_DependencyCheckOutputName>ZgeActiveX.ocx</DCC_DependencyCheckOutputName>
    <MainSource>ZgeActiveX.dpr</MainSource>
  </PropertyGroup>
  <PropertyGroup Condition=" '$(Configuration)|$(Platform)' == 'Release|AnyCPU' ">
    <Version>7.0</Version>
    <DCC_DebugInformation>False</DCC_DebugInformation>
    <DCC_LocalDebugSymbols>False</DCC_LocalDebugSymbols>
    <DCC_SymbolReferenceInfo>0</DCC_SymbolReferenceInfo>
    <DCC_Define>RELEASE</DCC_Define>
  </PropertyGroup>
  <PropertyGroup Condition=" '$(Configuration)|$(Platform)' == 'Debug|AnyCPU' ">
    <Version>7.0</Version>
    <DCC_Define>minimal;zzdc_activex</DCC_Define>
    <DCC_AssertionsAtRuntime>False</DCC_AssertionsAtRuntime>
    <DCC_WriteableConstants>True</DCC_WriteableConstants>
  </PropertyGroup>
  <ProjectExtensions>
    <Borland.Personality>Delphi.Personality</Borland.Personality>
    <Borland.ProjectType />
    <BorlandProject>
<BorlandProject><Delphi.Personality><Parameters><Parameters Name="UseLauncher">False</Parameters><Parameters Name="LoadAllSymbols">True</Parameters><Parameters Name="LoadUnspecifiedSymbols">False</Parameters><Parameters Name="RunParams">D:\Data\Delphi32\ZzDC\ActiveX\ZgeTest.htm</Parameters><Parameters Name="HostApplication">C:\Program Files\Internet Explorer\iexplore.exe</Parameters></Parameters><VersionInfo><VersionInfo Name="IncludeVerInfo">False</VersionInfo><VersionInfo Name="AutoIncBuild">False</VersionInfo><VersionInfo Name="MajorVer">1</VersionInfo><VersionInfo Name="MinorVer">0</VersionInfo><VersionInfo Name="Release">0</VersionInfo><VersionInfo Name="Build">0</VersionInfo><VersionInfo Name="Debug">False</VersionInfo><VersionInfo Name="PreRelease">False</VersionInfo><VersionInfo Name="Special">False</VersionInfo><VersionInfo Name="Private">False</VersionInfo><VersionInfo Name="DLL">True</VersionInfo><VersionInfo Name="Locale">1053</VersionInfo><VersionInfo Name="CodePage">1252</VersionInfo></VersionInfo><VersionInfoKeys><VersionInfoKeys Name="CompanyName"></VersionInfoKeys><VersionInfoKeys Name="FileDescription"></VersionInfoKeys><VersionInfoKeys Name="FileVersion">1.0.0.0</VersionInfoKeys><VersionInfoKeys Name="InternalName"></VersionInfoKeys><VersionInfoKeys Name="LegalCopyright"></VersionInfoKeys><VersionInfoKeys Name="LegalTrademarks"></VersionInfoKeys><VersionInfoKeys Name="OriginalFilename"></VersionInfoKeys><VersionInfoKeys Name="ProductName"></VersionInfoKeys><VersionInfoKeys Name="ProductVersion">1.0.0.0</VersionInfoKeys><VersionInfoKeys Name="Comments"></VersionInfoKeys><VersionInfoKeys Name="OleSelfRegister">1</VersionInfoKeys></VersionInfoKeys><Excluded_Packages>
      
      
      
      
      
      
      
      
      
      
      
      
      
      
      
      
      
      
      <Excluded_Packages Name="$(BDS)\bin\dclbde100.bpl">CodeGear BDE DB Components</Excluded_Packages>
      <Excluded_Packages Name="$(BDS)\bin\dcldb100.bpl">CodeGear Database Components</Excluded_Packages>
      <Excluded_Packages Name="$(BDS)\bin\dclmcn100.bpl">CodeGear DataSnap Connection Components</Excluded_Packages>
      <Excluded_Packages Name="$(BDS)\bin\dclmid100.bpl">CodeGear MyBase DataAccess Components</Excluded_Packages>
      <Excluded_Packages Name="$(BDS)\Bin\dclIndyCore100.bpl">Indy 10 Core Design Time</Excluded_Packages>
      <Excluded_Packages Name="$(BDS)\bin\dclwebsnap100.bpl">CodeGear WebSnap Components</Excluded_Packages>
      <Excluded_Packages Name="$(BDS)\bin\dclwbm100.bpl">CodeGear InternetExpress Components</Excluded_Packages>
      <Excluded_Packages Name="$(BDS)\Bin\dclIndyProtocols100.bpl">Indy 10 Protocols Design Time</Excluded_Packages>
      <Excluded_Packages Name="$(BDS)\bin\dcldbxcds4100.bpl">CodeGear SimpleDataset Component (DBX)</Excluded_Packages>
    </Excluded_Packages><Source><Source Name="MainSource">ZgeActiveX.dpr</Source></Source><TypeLibOptions><TypeLibOptions Name="AutoRegisterTLB">False</TypeLibOptions><TypeLibOptions Name="AutoGenImportAssembly">False</TypeLibOptions></TypeLibOptions></Delphi.Personality></BorlandProject></BorlandProject>
  </ProjectExtensions>
  <Import Project="$(MSBuildBinPath)\Borland.Delphi.Targets" />
  <ItemGroup>
    <DelphiCompile Include="ZgeActiveX.dpr">
      <MainSource>MainSource</MainSource>
    </DelphiCompile>
    <DCCReference Include="..\Animators.pas" />
    <DCCReference Include="..\AudioComponents.pas" />
    <DCCReference Include="..\AudioPlayer.pas" />
    <DCCReference Include="..\BitmapProducers.pas" />
    <DCCReference Include="..\Collision.pas" />
    <DCCReference Include="..\Commands.pas" />
    <DCCReference Include="..\DLLFuncs.pas" />
    <DCCReference Include="..\ImplicitMeshes.pas" />
    <DCCReference Include="..\Meshes.pas" />
    <DCCReference Include="..\Renderer.pas" />
    <DCCReference Include="..\Steering.pas" />
    <DCCReference Include="..\ZApplication.pas" />
    <DCCReference Include="..\ZBitmap.pas" />
    <DCCReference Include="..\ZClasses.pas" />
    <DCCReference Include="..\ZExpressions.pas" />
    <DCCReference Include="..\ZFile.pas" />
    <DCCReference Include="..\ZLog.pas" />
    <DCCReference Include="..\ZMath.pas" />
    <DCCReference Include="..\ZOpenGL.pas" />
    <DCCReference Include="..\ZPlatform.pas" />
    <DCCReference Include="ZgeActiveXControlImpl.pas">
      <Form>ZgeActiveXControl</Form>
    </DCCReference>
    <DCCReference Include="ZgeActiveX_TLB.pas" />
  </ItemGroup>
</Project>