<?xml version="1.0" encoding="UTF-8"?>
<CONFIG>
  <ProjectOptions>
    <Version Value="12"/>
    <PathDelim Value="\"/>
    <General>
      <Flags>
        <MainUnitHasUsesSectionForAllUnits Value="False"/>
        <MainUnitHasCreateFormStatements Value="False"/>
        <MainUnitHasTitleStatement Value="False"/>
        <MainUnitHasScaledStatement Value="False"/>
      </Flags>
      <SessionStorage Value="InProjectDir"/>
      <Title Value="ZDesigner"/>
      <UseAppBundle Value="False"/>
      <ResourceType Value="res"/>
    </General>
    <BuildModes>
      <Item Name="Default" Default="True"/>
    </BuildModes>
    <PublishOptions>
      <Version Value="2"/>
      <UseFileFilters Value="True"/>
    </PublishOptions>
    <RunParams>
      <FormatVersion Value="2"/>
    </RunParams>
    <RequiredPackages>
      <Item>
        <PackageName Value="LCL"/>
      </Item>
    </RequiredPackages>
    <Units>
      <Unit>
        <Filename Value="ZDesigner.dpr"/>
        <IsPartOfProject Value="True"/>
      </Unit>
      <Unit>
        <Filename Value="..\..\ZLog.pas"/>
        <IsPartOfProject Value="True"/>
      </Unit>
      <Unit>
        <Filename Value="DesignerGui.pas"/>
        <IsPartOfProject Value="True"/>
      </Unit>
      <Unit>
        <Filename Value="..\..\ZClasses.pas"/>
        <IsPartOfProject Value="True"/>
      </Unit>
      <Unit>
        <Filename Value="..\..\ZBitmap.pas"/>
        <IsPartOfProject Value="True"/>
      </Unit>
      <Unit>
        <Filename Value="..\..\BitmapProducers.pas"/>
        <IsPartOfProject Value="True"/>
      </Unit>
      <Unit>
        <Filename Value="GLPanel.pas"/>
        <IsPartOfProject Value="True"/>
      </Unit>
      <Unit>
        <Filename Value="OpenGL12.pas"/>
        <IsPartOfProject Value="True"/>
      </Unit>
      <Unit>
        <Filename Value="frmEditor.pas"/>
        <IsPartOfProject Value="True"/>
        <ComponentName Value="EditorForm"/>
        <HasResources Value="True"/>
        <ResourceBaseClass Value="Form"/>
      </Unit>
      <Unit>
        <Filename Value="..\..\Animators.pas"/>
        <IsPartOfProject Value="True"/>
      </Unit>
      <Unit>
        <Filename Value="..\..\Meshes.pas"/>
        <IsPartOfProject Value="True"/>
      </Unit>
      <Unit>
        <Filename Value="..\..\ZApplication.pas"/>
        <IsPartOfProject Value="True"/>
      </Unit>
      <Unit>
        <Filename Value="..\..\Commands.pas"/>
        <IsPartOfProject Value="True"/>
      </Unit>
      <Unit>
        <Filename Value="..\..\ZExpressions.pas"/>
        <IsPartOfProject Value="True"/>
      </Unit>
      <Unit>
        <Filename Value="Compiler\Compiler.pas"/>
        <IsPartOfProject Value="True"/>
      </Unit>
      <Unit>
        <Filename Value="..\..\Collision.pas"/>
        <IsPartOfProject Value="True"/>
      </Unit>
      <Unit>
        <Filename Value="Compiler\Zc.PAS"/>
        <IsPartOfProject Value="True"/>
      </Unit>
      <Unit>
        <Filename Value="frmSelectComponent.pas"/>
        <IsPartOfProject Value="True"/>
        <HasResources Value="True"/>
      </Unit>
      <Unit>
        <Filename Value="..\..\Steering.pas"/>
        <IsPartOfProject Value="True"/>
      </Unit>
      <Unit>
        <Filename Value="frmCompEditBase.pas"/>
        <IsPartOfProject Value="True"/>
        <HasResources Value="True"/>
      </Unit>
      <Unit>
        <Filename Value="..\..\uSymTab.pas"/>
        <IsPartOfProject Value="True"/>
      </Unit>
      <Unit>
        <Filename Value="dmCommon.pas"/>
        <IsPartOfProject Value="True"/>
        <HasResources Value="True"/>
      </Unit>
      <Unit>
        <Filename Value="..\..\AudioPlayer.pas"/>
        <IsPartOfProject Value="True"/>
      </Unit>
      <Unit>
        <Filename Value="..\..\AudioComponents.pas"/>
        <IsPartOfProject Value="True"/>
      </Unit>
      <Unit>
        <Filename Value="frmChannelFrame.pas"/>
        <IsPartOfProject Value="True"/>
        <HasResources Value="True"/>
      </Unit>
      <Unit>
        <Filename Value="frmEnvelopeFrame.pas"/>
        <IsPartOfProject Value="True"/>
        <HasResources Value="True"/>
      </Unit>
      <Unit>
        <Filename Value="frmLfoFrame.pas"/>
        <IsPartOfProject Value="True"/>
        <HasResources Value="True"/>
      </Unit>
      <Unit>
        <Filename Value="frmModulationFrame.pas"/>
        <IsPartOfProject Value="True"/>
        <HasResources Value="True"/>
      </Unit>
      <Unit>
        <Filename Value="frmSoundEdit.pas"/>
        <IsPartOfProject Value="True"/>
        <HasResources Value="True"/>
      </Unit>
      <Unit>
        <Filename Value="frmMusicEdit.pas"/>
        <IsPartOfProject Value="True"/>
        <HasResources Value="True"/>
      </Unit>
      <Unit>
        <Filename Value="..\..\ImplicitMeshes.pas"/>
        <IsPartOfProject Value="True"/>
      </Unit>
      <Unit>
        <Filename Value="frmAbout.pas"/>
        <IsPartOfProject Value="True"/>
        <HasResources Value="True"/>
      </Unit>
      <Unit>
        <Filename Value="uHelp.pas"/>
        <IsPartOfProject Value="True"/>
      </Unit>
      <Unit>
        <Filename Value="frmToolMissing.pas"/>
        <IsPartOfProject Value="True"/>
        <HasResources Value="True"/>
      </Unit>
      <Unit>
        <Filename Value="..\..\ZFile.pas"/>
        <IsPartOfProject Value="True"/>
      </Unit>
      <Unit>
        <Filename Value="3rdparty\unitPEFile.pas"/>
        <IsPartOfProject Value="True"/>
      </Unit>
      <Unit>
        <Filename Value="3rdparty\unitResourceDetails.pas"/>
        <IsPartOfProject Value="True"/>
      </Unit>
      <Unit>
        <Filename Value="3rdparty\unitResourceRCData.pas"/>
        <IsPartOfProject Value="True"/>
      </Unit>
      <Unit>
        <Filename Value="frmMemoEdit.pas"/>
        <IsPartOfProject Value="True"/>
        <HasResources Value="True"/>
      </Unit>
      <Unit>
        <Filename Value="uMidiFile.pas"/>
        <IsPartOfProject Value="True"/>
      </Unit>
      <Unit>
        <Filename Value="3rdparty\uTinyGif.pas"/>
        <IsPartOfProject Value="True"/>
      </Unit>
      <Unit>
        <Filename Value="u3dsFile.pas"/>
        <IsPartOfProject Value="True"/>
      </Unit>
      <Unit>
        <Filename Value="frm3dsImportOptions.pas"/>
        <IsPartOfProject Value="True"/>
        <HasResources Value="True"/>
      </Unit>
      <Unit>
        <Filename Value="frmRawAudioImportOptions.pas"/>
        <IsPartOfProject Value="True"/>
        <HasResources Value="True"/>
      </Unit>
      <Unit>
        <Filename Value="frmSettings.pas"/>
        <IsPartOfProject Value="True"/>
        <HasResources Value="True"/>
      </Unit>
      <Unit>
        <Filename Value="3rdparty\unitResourceGraphics.pas"/>
        <IsPartOfProject Value="True"/>
      </Unit>
      <Unit>
        <Filename Value="3rdparty\unitEXIcon.pas"/>
        <IsPartOfProject Value="True"/>
      </Unit>
      <Unit>
        <Filename Value="Compiler\Zc_Ops.pas"/>
        <IsPartOfProject Value="True"/>
      </Unit>
      <Unit>
        <Filename Value="frmBitmapEdit.pas"/>
        <IsPartOfProject Value="True"/>
        <HasResources Value="True"/>
      </Unit>
      <Unit>
        <Filename Value="3rdparty\SugiyamaLayout.pas"/>
        <IsPartOfProject Value="True"/>
      </Unit>
      <Unit>
        <Filename Value="frmMeshEdit.pas"/>
        <IsPartOfProject Value="True"/>
        <HasResources Value="True"/>
      </Unit>
      <Unit>
        <Filename Value="frmArrayEdit.pas"/>
        <IsPartOfProject Value="True"/>
        <HasResources Value="True"/>
      </Unit>
      <Unit>
        <Filename Value="..\..\ZPlatform.pas"/>
        <IsPartOfProject Value="True"/>
      </Unit>
      <Unit>
        <Filename Value="frmXmlEdit.pas"/>
        <IsPartOfProject Value="True"/>
        <HasResources Value="True"/>
      </Unit>
      <Unit>
        <Filename Value="Compiler\CocoAncestor.pas"/>
        <IsPartOfProject Value="True"/>
      </Unit>
      <Unit>
        <Filename Value="Compiler\CocoSets.pas"/>
        <IsPartOfProject Value="True"/>
      </Unit>
      <Unit>
        <Filename Value="frmAndroidApk.pas"/>
        <IsPartOfProject Value="True"/>
        <HasResources Value="True"/>
      </Unit>
      <Unit>
        <Filename Value="..\..\GLDrivers.pas"/>
        <IsPartOfProject Value="True"/>
      </Unit>
      <Unit>
        <Filename Value="frmScriptedCompEditBase.pas"/>
        <IsPartOfProject Value="True"/>
        <HasResources Value="True"/>
      </Unit>
      <Unit>
        <Filename Value="frmSpriteSheetEdit.pas"/>
        <IsPartOfProject Value="True"/>
        <HasResources Value="True"/>
      </Unit>
      <Unit>
        <Filename Value="frmTileSetEdit.pas"/>
        <IsPartOfProject Value="True"/>
        <HasResources Value="True"/>
      </Unit>
      <Unit>
        <Filename Value="frmCustomPropEditBase.pas"/>
        <IsPartOfProject Value="True"/>
        <HasResources Value="True"/>
      </Unit>
      <Unit>
        <Filename Value="frmExprPropEdit.pas"/>
        <IsPartOfProject Value="True"/>
        <HasResources Value="True"/>
      </Unit>
      <Unit>
        <Filename Value="frmFloatPropEdit.pas"/>
        <IsPartOfProject Value="True"/>
        <HasResources Value="True"/>
      </Unit>
      <Unit>
        <Filename Value="frmShaderPropEdit.pas"/>
        <IsPartOfProject Value="True"/>
        <HasResources Value="True"/>
      </Unit>
      <Unit>
        <Filename Value="uObjFile.pas"/>
        <IsPartOfProject Value="True"/>
      </Unit>
      <Unit>
        <Filename Value="RetroCoding.pas"/>
        <IsPartOfProject Value="True"/>
      </Unit>
    </Units>
  </ProjectOptions>
  <CompilerOptions>
    <Version Value="11"/>
    <PathDelim Value="\"/>
    <SearchPaths>
      <IncludeFiles Value="..\..;Compiler;3rdparty;$(ProjOutDir)"/>
      <Libraries Value="..\.."/>
      <OtherUnitFiles Value="..\..;Compiler;3rdparty;..\..\3rdparty"/>
      <UnitOutputDirectory Value="lib\$(TargetCPU)-$(TargetOS)"/>
      <ObjectPath Value="..\.."/>
    </SearchPaths>
    <Parsing>
      <Style Value="1"/>
      <SyntaxOptions>
        <SyntaxMode Value="DelphiUnicode"/>
      </SyntaxOptions>
    </Parsing>
    <CodeGeneration>
      <TargetCPU Value="x86_64"/>
    </CodeGeneration>
    <Linking>
      <Debugging>
        <DebugInfoType Value="dsDwarf2Set"/>
      </Debugging>
      <Options>
        <Win32>
          <GraphicApplication Value="True"/>
        </Win32>
      </Options>
    </Linking>
    <Other>
      <CustomOptions Value="-dBorland
-dVer150
-dDelphi7
-dCompiler6_Up
-dPUREPASCAL
-dzlog
-dzdebug
-dZgeLazarus"/>
      <OtherDefines Count="8">
        <Define0 Value="Borland"/>
        <Define1 Value="Ver150"/>
        <Define2 Value="Delphi7"/>
        <Define3 Value="Compiler6_Up"/>
        <Define4 Value="PUREPASCAL"/>
        <Define5 Value="zlog"/>
        <Define6 Value="zdebug"/>
        <Define7 Value="ZgeLazarus"/>
      </OtherDefines>
    </Other>
  </CompilerOptions>
  <Debugging>
    <Exceptions>
      <Item>
        <Name Value="EAbort"/>
      </Item>
      <Item>
        <Name Value="ECodetoolError"/>
      </Item>
      <Item>
        <Name Value="EFOpenError"/>
      </Item>
    </Exceptions>
  </Debugging>
</CONFIG>
